
Microsoft Visual Studio Solution File, Format Version 12.00
# Visual Studio Version 16
VisualStudioVersion = 16.0.31129.286
MinimumVisualStudioVersion = 10.0.40219.1
Project("{FAE04EC0-301F-11D3-BF4B-00C04F79EFBC}") = "Lab5EvrMethod", "Lab5EvrMethod\Lab5EvrMethod.csproj", "{C41EE433-F603-4FDF-A712-7DD4547D331F}"
EndProject
Global
	GlobalSection(SolutionConfigurationPlatforms) = preSolution
		Debug|Any CPU = Debug|Any CPU
		Release|Any CPU = Release|Any CPU
	EndGlobalSection
	GlobalSection(ProjectConfigurationPlatforms) = postSolution
		{C41EE433-F603-4FDF-A712-7DD4547D331F}.Debug|Any CPU.ActiveCfg = Debug|Any CPU
		{C41EE433-F603-4FDF-A712-7DD4547D331F}.Debug|Any CPU.Build.0 = Debug|Any CPU
		{C41EE433-F603-4FDF-A712-7DD4547D331F}.Release|Any CPU.ActiveCfg = Release|Any CPU
		{C41EE433-F603-4FDF-A712-7DD4547D331F}.Release|Any CPU.Build.0 = Release|Any CPU
	EndGlobalSection
	GlobalSection(SolutionProperties) = preSolution
		HideSolutionNode = FALSE
	EndGlobalSection
	GlobalSection(ExtensibilityGlobals) = postSolution
		SolutionGuid = {A3896A85-6C01-4B22-9457-5AD90F38BF3F}
	EndGlobalSection
EndGlobal
